
Microsoft Visual Studio Solution File, Format Version 12.00
# Visual Studio Version 16
VisualStudioVersion = 16.0.32802.440
MinimumVisualStudioVersion = 10.0.40219.1
Project("{FAE04EC0-301F-11D3-BF4B-00C04F79EFBC}") = "WebScrapper", "WebScrapper\WebScrapper.csproj", "{5EF56273-3865-43FF-B39B-23DD451E0B83}"
EndProject
Global
	GlobalSection(SolutionConfigurationPlatforms) = preSolution
		Debug|Any CPU = Debug|Any CPU
		Release|Any CPU = Release|Any CPU
	EndGlobalSection
	GlobalSection(ProjectConfigurationPlatforms) = postSolution
		{5EF56273-3865-43FF-B39B-23DD451E0B83}.Debug|Any CPU.ActiveCfg = Debug|Any CPU
		{5EF56273-3865-43FF-B39B-23DD451E0B83}.Debug|Any CPU.Build.0 = Debug|Any CPU
		{5EF56273-3865-43FF-B39B-23DD451E0B83}.Release|Any CPU.ActiveCfg = Release|Any CPU
		{5EF56273-3865-43FF-B39B-23DD451E0B83}.Release|Any CPU.Build.0 = Release|Any CPU
	EndGlobalSection
	GlobalSection(SolutionProperties) = preSolution
		HideSolutionNode = FALSE
	EndGlobalSection
	GlobalSection(ExtensibilityGlobals) = postSolution
		SolutionGuid = {808E2DEA-7789-4004-A20A-B806DEBD1EE6}
	EndGlobalSection
EndGlobal
